
Microsoft Visual Studio Solution File, Format Version 12.00
# Visual Studio Version 16
VisualStudioVersion = 16.0.29215.179
MinimumVisualStudioVersion = 10.0.40219.1
Project("{FAE04EC0-301F-11D3-BF4B-00C04F79EFBC}") = "br.com.maktuber.tecnico.Android", "br.com.maktuber.tecnico\br.com.maktuber.tecnico.Android\br.com.maktuber.tecnico.Android.csproj", "{BAE2F479-42B6-4C53-B8F1-88CE7488E2B7}"
EndProject
Project("{FAE04EC0-301F-11D3-BF4B-00C04F79EFBC}") = "br.com.maktuber.tecnico.iOS", "br.com.maktuber.tecnico\br.com.maktuber.tecnico.iOS\br.com.maktuber.tecnico.iOS.csproj", "{3F965DDE-D8B2-4E0A-89E9-624E0F2D4FCF}"
EndProject
Project("{FAE04EC0-301F-11D3-BF4B-00C04F79EFBC}") = "br.com.maktuber.tecnico", "br.com.maktuber.tecnico\br.com.maktuber.tecnico\br.com.maktuber.tecnico.csproj", "{912D044C-9401-4CA9-B573-106A3C6F8965}"
EndProject
Global
	GlobalSection(SolutionConfigurationPlatforms) = preSolution
		Debug|Any CPU = Debug|Any CPU
		Debug|iPhone = Debug|iPhone
		Debug|iPhoneSimulator = Debug|iPhoneSimulator
		Release|Any CPU = Release|Any CPU
		Release|iPhone = Release|iPhone
		Release|iPhoneSimulator = Release|iPhoneSimulator
	EndGlobalSection
	GlobalSection(ProjectConfigurationPlatforms) = postSolution
		{BAE2F479-42B6-4C53-B8F1-88CE7488E2B7}.Debug|Any CPU.ActiveCfg = Debug|Any CPU
		{BAE2F479-42B6-4C53-B8F1-88CE7488E2B7}.Debug|Any CPU.Build.0 = Debug|Any CPU
		{BAE2F479-42B6-4C53-B8F1-88CE7488E2B7}.Debug|Any CPU.Deploy.0 = Debug|Any CPU
		{BAE2F479-42B6-4C53-B8F1-88CE7488E2B7}.Debug|iPhone.ActiveCfg = Debug|Any CPU
		{BAE2F479-42B6-4C53-B8F1-88CE7488E2B7}.Debug|iPhone.Build.0 = Debug|Any CPU
		{BAE2F479-42B6-4C53-B8F1-88CE7488E2B7}.Debug|iPhone.Deploy.0 = Debug|Any CPU
		{BAE2F479-42B6-4C53-B8F1-88CE7488E2B7}.Debug|iPhoneSimulator.ActiveCfg = Debug|Any CPU
		{BAE2F479-42B6-4C53-B8F1-88CE7488E2B7}.Debug|iPhoneSimulator.Build.0 = Debug|Any CPU
		{BAE2F479-42B6-4C53-B8F1-88CE7488E2B7}.Debug|iPhoneSimulator.Deploy.0 = Debug|Any CPU
		{BAE2F479-42B6-4C53-B8F1-88CE7488E2B7}.Release|Any CPU.ActiveCfg = Release|Any CPU
		{BAE2F479-42B6-4C53-B8F1-88CE7488E2B7}.Release|Any CPU.Build.0 = Release|Any CPU
		{BAE2F479-42B6-4C53-B8F1-88CE7488E2B7}.Release|Any CPU.Deploy.0 = Release|Any CPU
		{BAE2F479-42B6-4C53-B8F1-88CE7488E2B7}.Release|iPhone.ActiveCfg = Release|Any CPU
		{BAE2F479-42B6-4C53-B8F1-88CE7488E2B7}.Release|iPhone.Build.0 = Release|Any CPU
		{BAE2F479-42B6-4C53-B8F1-88CE7488E2B7}.Release|iPhone.Deploy.0 = Release|Any CPU
		{BAE2F479-42B6-4C53-B8F1-88CE7488E2B7}.Release|iPhoneSimulator.ActiveCfg = Release|Any CPU
		{BAE2F479-42B6-4C53-B8F1-88CE7488E2B7}.Release|iPhoneSimulator.Build.0 = Release|Any CPU
		{BAE2F479-42B6-4C53-B8F1-88CE7488E2B7}.Release|iPhoneSimulator.Deploy.0 = Release|Any CPU
		{3F965DDE-D8B2-4E0A-89E9-624E0F2D4FCF}.Debug|Any CPU.ActiveCfg = Debug|iPhoneSimulator
		{3F965DDE-D8B2-4E0A-89E9-624E0F2D4FCF}.Debug|Any CPU.Build.0 = Debug|iPhoneSimulator
		{3F965DDE-D8B2-4E0A-89E9-624E0F2D4FCF}.Debug|Any CPU.Deploy.0 = Debug|iPhoneSimulator
		{3F965DDE-D8B2-4E0A-89E9-624E0F2D4FCF}.Debug|iPhone.ActiveCfg = Debug|iPhone
		{3F965DDE-D8B2-4E0A-89E9-624E0F2D4FCF}.Debug|iPhone.Build.0 = Debug|iPhone
		{3F965DDE-D8B2-4E0A-89E9-624E0F2D4FCF}.Debug|iPhone.Deploy.0 = Debug|iPhone
		{3F965DDE-D8B2-4E0A-89E9-624E0F2D4FCF}.Debug|iPhoneSimulator.ActiveCfg = Debug|iPhoneSimulator
		{3F965DDE-D8B2-4E0A-89E9-624E0F2D4FCF}.Debug|iPhoneSimulator.Build.0 = Debug|iPhoneSimulator
		{3F965DDE-D8B2-4E0A-89E9-624E0F2D4FCF}.Debug|iPhoneSimulator.Deploy.0 = Debug|iPhoneSimulator
		{3F965DDE-D8B2-4E0A-89E9-624E0F2D4FCF}.Release|Any CPU.ActiveCfg = Release|iPhone
		{3F965DDE-D8B2-4E0A-89E9-624E0F2D4FCF}.Release|Any CPU.Build.0 = Release|iPhone
		{3F965DDE-D8B2-4E0A-89E9-624E0F2D4FCF}.Release|Any CPU.Deploy.0 = Release|iPhone
		{3F965DDE-D8B2-4E0A-89E9-624E0F2D4FCF}.Release|iPhone.ActiveCfg = Release|iPhone
		{3F965DDE-D8B2-4E0A-89E9-624E0F2D4FCF}.Release|iPhone.Build.0 = Release|iPhone
		{3F965DDE-D8B2-4E0A-89E9-624E0F2D4FCF}.Release|iPhone.Deploy.0 = Release|iPhone
		{3F965DDE-D8B2-4E0A-89E9-624E0F2D4FCF}.Release|iPhoneSimulator.ActiveCfg = Release|iPhoneSimulator
		{3F965DDE-D8B2-4E0A-89E9-624E0F2D4FCF}.Release|iPhoneSimulator.Build.0 = Release|iPhoneSimulator
		{3F965DDE-D8B2-4E0A-89E9-624E0F2D4FCF}.Release|iPhoneSimulator.Deploy.0 = Release|iPhoneSimulator
		{912D044C-9401-4CA9-B573-106A3C6F8965}.Debug|Any CPU.ActiveCfg = Debug|Any CPU
		{912D044C-9401-4CA9-B573-106A3C6F8965}.Debug|Any CPU.Build.0 = Debug|Any CPU
		{912D044C-9401-4CA9-B573-106A3C6F8965}.Debug|Any CPU.Deploy.0 = Debug|Any CPU
		{912D044C-9401-4CA9-B573-106A3C6F8965}.Debug|iPhone.ActiveCfg = Debug|Any CPU
		{912D044C-9401-4CA9-B573-106A3C6F8965}.Debug|iPhone.Build.0 = Debug|Any CPU
		{912D044C-9401-4CA9-B573-106A3C6F8965}.Debug|iPhone.Deploy.0 = Debug|Any CPU
		{912D044C-9401-4CA9-B573-106A3C6F8965}.Debug|iPhoneSimulator.ActiveCfg = Debug|Any CPU
		{912D044C-9401-4CA9-B573-106A3C6F8965}.Debug|iPhoneSimulator.Build.0 = Debug|Any CPU
		{912D044C-9401-4CA9-B573-106A3C6F8965}.Debug|iPhoneSimulator.Deploy.0 = Debug|Any CPU
		{912D044C-9401-4CA9-B573-106A3C6F8965}.Release|Any CPU.ActiveCfg = Release|Any CPU
		{912D044C-9401-4CA9-B573-106A3C6F8965}.Release|Any CPU.Build.0 = Release|Any CPU
		{912D044C-9401-4CA9-B573-106A3C6F8965}.Release|Any CPU.Deploy.0 = Release|Any CPU
		{912D044C-9401-4CA9-B573-106A3C6F8965}.Release|iPhone.ActiveCfg = Release|Any CPU
		{912D044C-9401-4CA9-B573-106A3C6F8965}.Release|iPhone.Build.0 = Release|Any CPU
		{912D044C-9401-4CA9-B573-106A3C6F8965}.Release|iPhone.Deploy.0 = Release|Any CPU
		{912D044C-9401-4CA9-B573-106A3C6F8965}.Release|iPhoneSimulator.ActiveCfg = Release|Any CPU
		{912D044C-9401-4CA9-B573-106A3C6F8965}.Release|iPhoneSimulator.Build.0 = Release|Any CPU
		{912D044C-9401-4CA9-B573-106A3C6F8965}.Release|iPhoneSimulator.Deploy.0 = Release|Any CPU
	EndGlobalSection
	GlobalSection(SolutionProperties) = preSolution
		HideSolutionNode = FALSE
	EndGlobalSection
	GlobalSection(ExtensibilityGlobals) = postSolution
		SolutionGuid = {D05C1EE1-DB89-41A2-9E86-603CF70A6E76}
	EndGlobalSection
EndGlobal
